
Microsoft Visual Studio Solution File, Format Version 12.00
# Visual Studio Version 17
VisualStudioVersion = 17.0.32002.185
MinimumVisualStudioVersion = 10.0.40219.1
Project("{9A19103F-16F7-4668-BE54-9A1E7A4F7556}") = "Railtown.Samples.NLog.NetFrameworkSample", "NLog\Railtown.Samples.NLog.NetFrameworkSample\Railtown.Samples.NLog.NetFrameworkSample.csproj", "{66DA05AE-B1EB-4F91-8384-E2F3D0F5D01E}"
EndProject
Project("{9A19103F-16F7-4668-BE54-9A1E7A4F7556}") = "Railtown.Samples.NLog.NetCoreSample", "NLog\Railtown.Samples.NLog.NetCoreSample\Railtown.Samples.NLog.NetCoreSample.csproj", "{62EB9317-B150-4BC9-B906-67DFE6BDCD1C}"
EndProject
Project("{9A19103F-16F7-4668-BE54-9A1E7A4F7556}") = "Railtown.Samples.Serilog.NetCoreSample", "Serilog\Railtown.Samples.Serilog.NetCoreSample\Railtown.Samples.Serilog.NetCoreSample.csproj", "{8D6511BD-E678-40DA-9512-A89B0BE16CBF}"
EndProject
Project("{9A19103F-16F7-4668-BE54-9A1E7A4F7556}") = "Railtown.Samples.Serilog.NetFrameworkSample", "Serilog\Railtown.Samples.Serilog.NetFrameworkSample\Railtown.Samples.Serilog.NetFrameworkSample.csproj", "{7572AC80-D5AC-4567-9DAA-5D330CF0A8F8}"
EndProject
Project("{9A19103F-16F7-4668-BE54-9A1E7A4F7556}") = "Railtown.Samples.log4net.NetCoreSample", "log4net\Railtown.Samples.log4net.NetCoreSample\Railtown.Samples.log4net.NetCoreSample.csproj", "{BE17DE96-0668-4437-9C32-0288A46D1462}"
EndProject
Project("{9A19103F-16F7-4668-BE54-9A1E7A4F7556}") = "Railtown.Samples.log4net.NetFrameworkSample", "log4net\Railtown.Samples.log4net.NetFrameworkSample\Railtown.Samples.log4net.NetFrameworkSample.csproj", "{FFBEE622-515A-460B-B7AB-E9FDD25CA409}"
EndProject
Project("{FAE04EC0-301F-11D3-BF4B-00C04F79EFBC}") = "Railtown.Samples.AppInsights.NetFrameworkSample", "AppInsights\Railtown.Samples.AppInsights.NetFrameworkSample\Railtown.Samples.AppInsights.NetFrameworkSample.csproj", "{D0F00A1C-5FC1-43AA-939A-0BCECA46343B}"
EndProject
Project("{9A19103F-16F7-4668-BE54-9A1E7A4F7556}") = "Railtown.Samples.AppInsights.NetCoreWebSample", "AppInsights\Railtown.Samples.AppInsights.NetCoreWebSample\Railtown.Samples.AppInsights.NetCoreWebSample.csproj", "{5BFFF7F6-5236-4AE6-9A6F-8D766E1D68E0}"
EndProject
Global
	GlobalSection(SolutionConfigurationPlatforms) = preSolution
		Debug|Any CPU = Debug|Any CPU
		Release|Any CPU = Release|Any CPU
	EndGlobalSection
	GlobalSection(ProjectConfigurationPlatforms) = postSolution
		{66DA05AE-B1EB-4F91-8384-E2F3D0F5D01E}.Debug|Any CPU.ActiveCfg = Debug|Any CPU
		{66DA05AE-B1EB-4F91-8384-E2F3D0F5D01E}.Debug|Any CPU.Build.0 = Debug|Any CPU
		{66DA05AE-B1EB-4F91-8384-E2F3D0F5D01E}.Release|Any CPU.ActiveCfg = Release|Any CPU
		{66DA05AE-B1EB-4F91-8384-E2F3D0F5D01E}.Release|Any CPU.Build.0 = Release|Any CPU
		{62EB9317-B150-4BC9-B906-67DFE6BDCD1C}.Debug|Any CPU.ActiveCfg = Debug|Any CPU
		{62EB9317-B150-4BC9-B906-67DFE6BDCD1C}.Debug|Any CPU.Build.0 = Debug|Any CPU
		{62EB9317-B150-4BC9-B906-67DFE6BDCD1C}.Release|Any CPU.ActiveCfg = Release|Any CPU
		{62EB9317-B150-4BC9-B906-67DFE6BDCD1C}.Release|Any CPU.Build.0 = Release|Any CPU
		{8D6511BD-E678-40DA-9512-A89B0BE16CBF}.Debug|Any CPU.ActiveCfg = Debug|Any CPU
		{8D6511BD-E678-40DA-9512-A89B0BE16CBF}.Debug|Any CPU.Build.0 = Debug|Any CPU
		{8D6511BD-E678-40DA-9512-A89B0BE16CBF}.Release|Any CPU.ActiveCfg = Release|Any CPU
		{8D6511BD-E678-40DA-9512-A89B0BE16CBF}.Release|Any CPU.Build.0 = Release|Any CPU
		{7572AC80-D5AC-4567-9DAA-5D330CF0A8F8}.Debug|Any CPU.ActiveCfg = Debug|Any CPU
		{7572AC80-D5AC-4567-9DAA-5D330CF0A8F8}.Debug|Any CPU.Build.0 = Debug|Any CPU
		{7572AC80-D5AC-4567-9DAA-5D330CF0A8F8}.Release|Any CPU.ActiveCfg = Release|Any CPU
		{7572AC80-D5AC-4567-9DAA-5D330CF0A8F8}.Release|Any CPU.Build.0 = Release|Any CPU
		{BE17DE96-0668-4437-9C32-0288A46D1462}.Debug|Any CPU.ActiveCfg = Debug|Any CPU
		{BE17DE96-0668-4437-9C32-0288A46D1462}.Debug|Any CPU.Build.0 = Debug|Any CPU
		{BE17DE96-0668-4437-9C32-0288A46D1462}.Release|Any CPU.ActiveCfg = Release|Any CPU
		{BE17DE96-0668-4437-9C32-0288A46D1462}.Release|Any CPU.Build.0 = Release|Any CPU
		{FFBEE622-515A-460B-B7AB-E9FDD25CA409}.Debug|Any CPU.ActiveCfg = Debug|Any CPU
		{FFBEE622-515A-460B-B7AB-E9FDD25CA409}.Debug|Any CPU.Build.0 = Debug|Any CPU
		{FFBEE622-515A-460B-B7AB-E9FDD25CA409}.Release|Any CPU.ActiveCfg = Release|Any CPU
		{FFBEE622-515A-460B-B7AB-E9FDD25CA409}.Release|Any CPU.Build.0 = Release|Any CPU
		{D0F00A1C-5FC1-43AA-939A-0BCECA46343B}.Debug|Any CPU.ActiveCfg = Debug|Any CPU
		{D0F00A1C-5FC1-43AA-939A-0BCECA46343B}.Debug|Any CPU.Build.0 = Debug|Any CPU
		{D0F00A1C-5FC1-43AA-939A-0BCECA46343B}.Release|Any CPU.ActiveCfg = Release|Any CPU
		{D0F00A1C-5FC1-43AA-939A-0BCECA46343B}.Release|Any CPU.Build.0 = Release|Any CPU
		{5BFFF7F6-5236-4AE6-9A6F-8D766E1D68E0}.Debug|Any CPU.ActiveCfg = Debug|Any CPU
		{5BFFF7F6-5236-4AE6-9A6F-8D766E1D68E0}.Debug|Any CPU.Build.0 = Debug|Any CPU
		{5BFFF7F6-5236-4AE6-9A6F-8D766E1D68E0}.Release|Any CPU.ActiveCfg = Release|Any CPU
		{5BFFF7F6-5236-4AE6-9A6F-8D766E1D68E0}.Release|Any CPU.Build.0 = Release|Any CPU
	EndGlobalSection
	GlobalSection(SolutionProperties) = preSolution
		HideSolutionNode = FALSE
	EndGlobalSection
	GlobalSection(ExtensibilityGlobals) = postSolution
		SolutionGuid = {B7C7124E-830C-49E6-960C-BB54C63619F0}
	EndGlobalSection
EndGlobal
